
Microsoft Visual Studio Solution File, Format Version 12.00
# Visual Studio Version 17
VisualStudioVersion = 17.1.32328.378
MinimumVisualStudioVersion = 10.0.40219.1
Project("{FAE04EC0-301F-11D3-BF4B-00C04F79EFBC}") = "ProxerMeToMyAnimeList", "ProxerMeToMyAnimeList\ProxerMeToMyAnimeList.csproj", "{465F9DF4-D026-4697-AEDA-7021A632A1CD}"
EndProject
Global
	GlobalSection(SolutionConfigurationPlatforms) = preSolution
		Debug|Any CPU = Debug|Any CPU
		Release|Any CPU = Release|Any CPU
	EndGlobalSection
	GlobalSection(ProjectConfigurationPlatforms) = postSolution
		{465F9DF4-D026-4697-AEDA-7021A632A1CD}.Debug|Any CPU.ActiveCfg = Debug|Any CPU
		{465F9DF4-D026-4697-AEDA-7021A632A1CD}.Debug|Any CPU.Build.0 = Debug|Any CPU
		{465F9DF4-D026-4697-AEDA-7021A632A1CD}.Release|Any CPU.ActiveCfg = Release|Any CPU
		{465F9DF4-D026-4697-AEDA-7021A632A1CD}.Release|Any CPU.Build.0 = Release|Any CPU
	EndGlobalSection
	GlobalSection(SolutionProperties) = preSolution
		HideSolutionNode = FALSE
	EndGlobalSection
	GlobalSection(ExtensibilityGlobals) = postSolution
		SolutionGuid = {98E4E9DD-D306-486C-A52E-8F3D97F77EAF}
	EndGlobalSection
EndGlobal
